// !$*UTF8*$!
{
	archiveVersion = 1;
	classes = {
	};
	objectVersion = 54;
	objects = {

/* Begin PBXBuildFile section */
		03214D6A22DE46CD87A447D4 /* Nunito-Medium.ttf in Resources */ = {isa = PBXBuildFile; fileRef = 49728AF51BC9411E914AC680 /* Nunito-Medium.ttf */; };
		05AFE766F0FB4DDB8F8D0927 /* Nunito-ExtraBoldItalic.ttf in Resources */ = {isa = PBXBuildFile; fileRef = 11C2B45F23E34F9FB176976E /* Nunito-ExtraBoldItalic.ttf */; };
		0C80B921A6F3F58F76C31292 /* libPods-LogicLike.a in Frameworks */ = {isa = PBXBuildFile; fileRef = 5DCACB8F33CDC322A6C60F78 /* libPods-LogicLike.a */; };
		1384D7C3831F4C7EBD717AA3 /* Nunito-VariableFont_wght.ttf in Resources */ = {isa = PBXBuildFile; fileRef = E558011F64A24B119CF93475 /* Nunito-VariableFont_wght.ttf */; };
		13B07FBF1A68108700A75B9A /* Images.xcassets in Resources */ = {isa = PBXBuildFile; fileRef = 13B07FB51A68108700A75B9A /* Images.xcassets */; };
		1BDE6E45F8244014A63172EA /* Nunito-BlackItalic.ttf in Resources */ = {isa = PBXBuildFile; fileRef = 1DE86890E76D4A8DBE936236 /* Nunito-BlackItalic.ttf */; };
		1C5061BD973C491A96BA53D9 /* Nunito-LightItalic.ttf in Resources */ = {isa = PBXBuildFile; fileRef = 9BA4721D14DB42DDBEAE2F57 /* Nunito-LightItalic.ttf */; };
		21904AFCEA5A47F09AD5DC22 /* OFL.txt in Resources */ = {isa = PBXBuildFile; fileRef = 3EDAA757923A495788DD2D0D /* OFL.txt */; };
		2706195F02A94634B45BFC2A /* Nunito-ExtraBold.ttf in Resources */ = {isa = PBXBuildFile; fileRef = D69F71A922CA45408496890A /* Nunito-ExtraBold.ttf */; };
		2B83C50EC7BE499C9EDFB502 /* Nunito-MediumItalic.ttf in Resources */ = {isa = PBXBuildFile; fileRef = DC657BB738E04E4B948611B3 /* Nunito-MediumItalic.ttf */; };
		3317AB9FBD6E4F3694744733 /* Nunito-Italic-VariableFont_wght.ttf in Resources */ = {isa = PBXBuildFile; fileRef = 5BD9FA82F50642279CB2C37C /* Nunito-Italic-VariableFont_wght.ttf */; };
		3B76848E53C240DB8E8BD09B /* Nunito-SemiBold.ttf in Resources */ = {isa = PBXBuildFile; fileRef = C5E4FC9887274631B42060C0 /* Nunito-SemiBold.ttf */; };
		585BA4D182EF47AC8F117CC7 /* Nunito-Regular.ttf in Resources */ = {isa = PBXBuildFile; fileRef = 8C86D2E7431A449DA0086146 /* Nunito-Regular.ttf */; };
		5CF709C6DB274955A9591133 /* Nunito-BoldItalic.ttf in Resources */ = {isa = PBXBuildFile; fileRef = 884BBC3B51BA4D73A4FC3991 /* Nunito-BoldItalic.ttf */; };
		5EEAC01642774295A5A5E95A /* Nunito-ExtraLightItalic.ttf in Resources */ = {isa = PBXBuildFile; fileRef = C723005880D7454982BF6C3D /* Nunito-ExtraLightItalic.ttf */; };
		761780ED2CA45674006654EE /* AppDelegate.swift in Sources */ = {isa = PBXBuildFile; fileRef = 761780EC2CA45674006654EE /* AppDelegate.swift */; };
		81AB9BB82411601600AC10FF /* LaunchScreen.storyboard in Resources */ = {isa = PBXBuildFile; fileRef = 81AB9BB72411601600AC10FF /* LaunchScreen.storyboard */; };
		8B4A9AAB97CA6437CE649479 /* PrivacyInfo.xcprivacy in Resources */ = {isa = PBXBuildFile; fileRef = 13B07FB81A68108700A75B9A /* PrivacyInfo.xcprivacy */; };
		9423C6647C9548CAB6446730 /* Nunito-Bold.ttf in Resources */ = {isa = PBXBuildFile; fileRef = 05219738915C4819A5FDE7A0 /* Nunito-Bold.ttf */; };
		B33EE1E496FD4F2C9998722C /* Nunito-ExtraLight.ttf in Resources */ = {isa = PBXBuildFile; fileRef = 536557C802CE42D8A4C6BE65 /* Nunito-ExtraLight.ttf */; };
		CA47321AF9AB4BF08A9E0A96 /* Nunito-Italic.ttf in Resources */ = {isa = PBXBuildFile; fileRef = B5A5D674DB344B87823E23EB /* Nunito-Italic.ttf */; };
		CDF043F7ACAF40A7B0AAAF3C /* Nunito-Black.ttf in Resources */ = {isa = PBXBuildFile; fileRef = FEAA7205A2BB45F3A2894DBB /* Nunito-Black.ttf */; };
		DB6428D8AD4F4B79A154A546 /* README.txt in Resources */ = {isa = PBXBuildFile; fileRef = 2235E4CACE3F4BF6B80B0A66 /* README.txt */; };
		F2F12D1C2E3042C6B7FE6919 /* Nunito-Light.ttf in Resources */ = {isa = PBXBuildFile; fileRef = A3A63562C1374AACAF048168 /* Nunito-Light.ttf */; };
		F4069DC59F6549729053D46B /* Nunito-SemiBoldItalic.ttf in Resources */ = {isa = PBXBuildFile; fileRef = 4E51E47889704BBB98A95B25 /* Nunito-SemiBoldItalic.ttf */; };
/* End PBXBuildFile section */

/* Begin PBXFileReference section */
		05219738915C4819A5FDE7A0 /* Nunito-Bold.ttf */ = {isa = PBXFileReference; explicitFileType = undefined; fileEncoding = undefined; includeInIndex = 0; lastKnownFileType = unknown; name = "Nunito-Bold.ttf"; path = "../src/assets/fonts/Nunito/static/Nunito-Bold.ttf"; sourceTree = "<group>"; };
		11C2B45F23E34F9FB176976E /* Nunito-ExtraBoldItalic.ttf */ = {isa = PBXFileReference; explicitFileType = undefined; fileEncoding = undefined; includeInIndex = 0; lastKnownFileType = unknown; name = "Nunito-ExtraBoldItalic.ttf"; path = "../src/assets/fonts/Nunito/static/Nunito-ExtraBoldItalic.ttf"; sourceTree = "<group>"; };
		13B07F961A680F5B00A75B9A /* LogicLike.app */ = {isa = PBXFileReference; explicitFileType = wrapper.application; includeInIndex = 0; path = LogicLike.app; sourceTree = BUILT_PRODUCTS_DIR; };
		13B07FB51A68108700A75B9A /* Images.xcassets */ = {isa = PBXFileReference; lastKnownFileType = folder.assetcatalog; name = Images.xcassets; path = LogicLike/Images.xcassets; sourceTree = "<group>"; };
		13B07FB61A68108700A75B9A /* Info.plist */ = {isa = PBXFileReference; fileEncoding = 4; lastKnownFileType = text.plist.xml; name = Info.plist; path = LogicLike/Info.plist; sourceTree = "<group>"; };
		13B07FB81A68108700A75B9A /* PrivacyInfo.xcprivacy */ = {isa = PBXFileReference; fileEncoding = 4; lastKnownFileType = text.plist.xml; name = PrivacyInfo.xcprivacy; path = LogicLike/PrivacyInfo.xcprivacy; sourceTree = "<group>"; };
		1DE86890E76D4A8DBE936236 /* Nunito-BlackItalic.ttf */ = {isa = PBXFileReference; explicitFileType = undefined; fileEncoding = undefined; includeInIndex = 0; lastKnownFileType = unknown; name = "Nunito-BlackItalic.ttf"; path = "../src/assets/fonts/Nunito/static/Nunito-BlackItalic.ttf"; sourceTree = "<group>"; };
		2235E4CACE3F4BF6B80B0A66 /* README.txt */ = {isa = PBXFileReference; explicitFileType = undefined; fileEncoding = undefined; includeInIndex = 0; lastKnownFileType = unknown; name = README.txt; path = ../src/assets/fonts/Nunito/README.txt; sourceTree = "<group>"; };
		3B4392A12AC88292D35C810B /* Pods-LogicLike.debug.xcconfig */ = {isa = PBXFileReference; includeInIndex = 1; lastKnownFileType = text.xcconfig; name = "Pods-LogicLike.debug.xcconfig"; path = "Target Support Files/Pods-LogicLike/Pods-LogicLike.debug.xcconfig"; sourceTree = "<group>"; };
		3EDAA757923A495788DD2D0D /* OFL.txt */ = {isa = PBXFileReference; explicitFileType = undefined; fileEncoding = undefined; includeInIndex = 0; lastKnownFileType = unknown; name = OFL.txt; path = ../src/assets/fonts/Nunito/OFL.txt; sourceTree = "<group>"; };
		49728AF51BC9411E914AC680 /* Nunito-Medium.ttf */ = {isa = PBXFileReference; explicitFileType = undefined; fileEncoding = undefined; includeInIndex = 0; lastKnownFileType = unknown; name = "Nunito-Medium.ttf"; path = "../src/assets/fonts/Nunito/static/Nunito-Medium.ttf"; sourceTree = "<group>"; };
		4E51E47889704BBB98A95B25 /* Nunito-SemiBoldItalic.ttf */ = {isa = PBXFileReference; explicitFileType = undefined; fileEncoding = undefined; includeInIndex = 0; lastKnownFileType = unknown; name = "Nunito-SemiBoldItalic.ttf"; path = "../src/assets/fonts/Nunito/static/Nunito-SemiBoldItalic.ttf"; sourceTree = "<group>"; };
		536557C802CE42D8A4C6BE65 /* Nunito-ExtraLight.ttf */ = {isa = PBXFileReference; explicitFileType = undefined; fileEncoding = undefined; includeInIndex = 0; lastKnownFileType = unknown; name = "Nunito-ExtraLight.ttf"; path = "../src/assets/fonts/Nunito/static/Nunito-ExtraLight.ttf"; sourceTree = "<group>"; };
		5709B34CF0A7D63546082F79 /* Pods-LogicLike.release.xcconfig */ = {isa = PBXFileReference; includeInIndex = 1; lastKnownFileType = text.xcconfig; name = "Pods-LogicLike.release.xcconfig"; path = "Target Support Files/Pods-LogicLike/Pods-LogicLike.release.xcconfig"; sourceTree = "<group>"; };
		5BD9FA82F50642279CB2C37C /* Nunito-Italic-VariableFont_wght.ttf */ = {isa = PBXFileReference; explicitFileType = undefined; fileEncoding = undefined; includeInIndex = 0; lastKnownFileType = unknown; name = "Nunito-Italic-VariableFont_wght.ttf"; path = "../src/assets/fonts/Nunito/Nunito-Italic-VariableFont_wght.ttf"; sourceTree = "<group>"; };
		5DCACB8F33CDC322A6C60F78 /* libPods-LogicLike.a */ = {isa = PBXFileReference; explicitFileType = archive.ar; includeInIndex = 0; path = "libPods-LogicLike.a"; sourceTree = BUILT_PRODUCTS_DIR; };
		761780EC2CA45674006654EE /* AppDelegate.swift */ = {isa = PBXFileReference; lastKnownFileType = sourcecode.swift; name = AppDelegate.swift; path = LogicLike/AppDelegate.swift; sourceTree = "<group>"; };
		81AB9BB72411601600AC10FF /* LaunchScreen.storyboard */ = {isa = PBXFileReference; fileEncoding = 4; lastKnownFileType = file.storyboard; name = LaunchScreen.storyboard; path = LogicLike/LaunchScreen.storyboard; sourceTree = "<group>"; };
		884BBC3B51BA4D73A4FC3991 /* Nunito-BoldItalic.ttf */ = {isa = PBXFileReference; explicitFileType = undefined; fileEncoding = undefined; includeInIndex = 0; lastKnownFileType = unknown; name = "Nunito-BoldItalic.ttf"; path = "../src/assets/fonts/Nunito/static/Nunito-BoldItalic.ttf"; sourceTree = "<group>"; };
		8C86D2E7431A449DA0086146 /* Nunito-Regular.ttf */ = {isa = PBXFileReference; explicitFileType = undefined; fileEncoding = undefined; includeInIndex = 0; lastKnownFileType = unknown; name = "Nunito-Regular.ttf"; path = "../src/assets/fonts/Nunito/static/Nunito-Regular.ttf"; sourceTree = "<group>"; };
		9BA4721D14DB42DDBEAE2F57 /* Nunito-LightItalic.ttf */ = {isa = PBXFileReference; explicitFileType = undefined; fileEncoding = undefined; includeInIndex = 0; lastKnownFileType = unknown; name = "Nunito-LightItalic.ttf"; path = "../src/assets/fonts/Nunito/static/Nunito-LightItalic.ttf"; sourceTree = "<group>"; };
		A3A63562C1374AACAF048168 /* Nunito-Light.ttf */ = {isa = PBXFileReference; explicitFileType = undefined; fileEncoding = undefined; includeInIndex = 0; lastKnownFileType = unknown; name = "Nunito-Light.ttf"; path = "../src/assets/fonts/Nunito/static/Nunito-Light.ttf"; sourceTree = "<group>"; };
		B5A5D674DB344B87823E23EB /* Nunito-Italic.ttf */ = {isa = PBXFileReference; explicitFileType = undefined; fileEncoding = undefined; includeInIndex = 0; lastKnownFileType = unknown; name = "Nunito-Italic.ttf"; path = "../src/assets/fonts/Nunito/static/Nunito-Italic.ttf"; sourceTree = "<group>"; };
		C5E4FC9887274631B42060C0 /* Nunito-SemiBold.ttf */ = {isa = PBXFileReference; explicitFileType = undefined; fileEncoding = undefined; includeInIndex = 0; lastKnownFileType = unknown; name = "Nunito-SemiBold.ttf"; path = "../src/assets/fonts/Nunito/static/Nunito-SemiBold.ttf"; sourceTree = "<group>"; };
		C723005880D7454982BF6C3D /* Nunito-ExtraLightItalic.ttf */ = {isa = PBXFileReference; explicitFileType = undefined; fileEncoding = undefined; includeInIndex = 0; lastKnownFileType = unknown; name = "Nunito-ExtraLightItalic.ttf"; path = "../src/assets/fonts/Nunito/static/Nunito-ExtraLightItalic.ttf"; sourceTree = "<group>"; };
		D69F71A922CA45408496890A /* Nunito-ExtraBold.ttf */ = {isa = PBXFileReference; explicitFileType = undefined; fileEncoding = undefined; includeInIndex = 0; lastKnownFileType = unknown; name = "Nunito-ExtraBold.ttf"; path = "../src/assets/fonts/Nunito/static/Nunito-ExtraBold.ttf"; sourceTree = "<group>"; };
		DC657BB738E04E4B948611B3 /* Nunito-MediumItalic.ttf */ = {isa = PBXFileReference; explicitFileType = undefined; fileEncoding = undefined; includeInIndex = 0; lastKnownFileType = unknown; name = "Nunito-MediumItalic.ttf"; path = "../src/assets/fonts/Nunito/static/Nunito-MediumItalic.ttf"; sourceTree = "<group>"; };
		E558011F64A24B119CF93475 /* Nunito-VariableFont_wght.ttf */ = {isa = PBXFileReference; explicitFileType = undefined; fileEncoding = undefined; includeInIndex = 0; lastKnownFileType = unknown; name = "Nunito-VariableFont_wght.ttf"; path = "../src/assets/fonts/Nunito/Nunito-VariableFont_wght.ttf"; sourceTree = "<group>"; };
		ED297162215061F000B7C4FE /* JavaScriptCore.framework */ = {isa = PBXFileReference; lastKnownFileType = wrapper.framework; name = JavaScriptCore.framework; path = System/Library/Frameworks/JavaScriptCore.framework; sourceTree = SDKROOT; };
		FEAA7205A2BB45F3A2894DBB /* Nunito-Black.ttf */ = {isa = PBXFileReference; explicitFileType = undefined; fileEncoding = undefined; includeInIndex = 0; lastKnownFileType = unknown; name = "Nunito-Black.ttf"; path = "../src/assets/fonts/Nunito/static/Nunito-Black.ttf"; sourceTree = "<group>"; };
/* End PBXFileReference section */

/* Begin PBXFrameworksBuildPhase section */
		13B07F8C1A680F5B00A75B9A /* Frameworks */ = {
			isa = PBXFrameworksBuildPhase;
			buildActionMask = 2147483647;
			files = (
				0C80B921A6F3F58F76C31292 /* libPods-LogicLike.a in Frameworks */,
			);
			runOnlyForDeploymentPostprocessing = 0;
		};
/* End PBXFrameworksBuildPhase section */

/* Begin PBXGroup section */
		13B07FAE1A68108700A75B9A /* LogicLike */ = {
			isa = PBXGroup;
			children = (
				13B07FB51A68108700A75B9A /* Images.xcassets */,
				761780EC2CA45674006654EE /* AppDelegate.swift */,
				13B07FB61A68108700A75B9A /* Info.plist */,
				81AB9BB72411601600AC10FF /* LaunchScreen.storyboard */,
				13B07FB81A68108700A75B9A /* PrivacyInfo.xcprivacy */,
			);
			name = LogicLike;
			sourceTree = "<group>";
		};
		2D16E6871FA4F8E400B85C8A /* Frameworks */ = {
			isa = PBXGroup;
			children = (
				ED297162215061F000B7C4FE /* JavaScriptCore.framework */,
				5DCACB8F33CDC322A6C60F78 /* libPods-LogicLike.a */,
			);
			name = Frameworks;
			sourceTree = "<group>";
		};
		832341AE1AAA6A7D00B99B32 /* Libraries */ = {
			isa = PBXGroup;
			children = (
			);
			name = Libraries;
			sourceTree = "<group>";
		};
		83CBB9F61A601CBA00E9B192 = {
			isa = PBXGroup;
			children = (
				13B07FAE1A68108700A75B9A /* LogicLike */,
				832341AE1AAA6A7D00B99B32 /* Libraries */,
				83CBBA001A601CBA00E9B192 /* Products */,
				2D16E6871FA4F8E400B85C8A /* Frameworks */,
				BBD78D7AC51CEA395F1C20DB /* Pods */,
				BF6DE9DE597D4A9FAA259CF5 /* Resources */,
			);
			indentWidth = 2;
			sourceTree = "<group>";
			tabWidth = 2;
			usesTabs = 0;
		};
		83CBBA001A601CBA00E9B192 /* Products */ = {
			isa = PBXGroup;
			children = (
				13B07F961A680F5B00A75B9A /* LogicLike.app */,
			);
			name = Products;
			sourceTree = "<group>";
		};
		BBD78D7AC51CEA395F1C20DB /* Pods */ = {
			isa = PBXGroup;
			children = (
				3B4392A12AC88292D35C810B /* Pods-LogicLike.debug.xcconfig */,
				5709B34CF0A7D63546082F79 /* Pods-LogicLike.release.xcconfig */,
			);
			path = Pods;
			sourceTree = "<group>";
		};
		BF6DE9DE597D4A9FAA259CF5 /* Resources */ = {
			isa = PBXGroup;
			children = (
				5BD9FA82F50642279CB2C37C /* Nunito-Italic-VariableFont_wght.ttf */,
				E558011F64A24B119CF93475 /* Nunito-VariableFont_wght.ttf */,
				FEAA7205A2BB45F3A2894DBB /* Nunito-Black.ttf */,
				1DE86890E76D4A8DBE936236 /* Nunito-BlackItalic.ttf */,
				05219738915C4819A5FDE7A0 /* Nunito-Bold.ttf */,
				884BBC3B51BA4D73A4FC3991 /* Nunito-BoldItalic.ttf */,
				D69F71A922CA45408496890A /* Nunito-ExtraBold.ttf */,
				11C2B45F23E34F9FB176976E /* Nunito-ExtraBoldItalic.ttf */,
				536557C802CE42D8A4C6BE65 /* Nunito-ExtraLight.ttf */,
				C723005880D7454982BF6C3D /* Nunito-ExtraLightItalic.ttf */,
				B5A5D674DB344B87823E23EB /* Nunito-Italic.ttf */,
				A3A63562C1374AACAF048168 /* Nunito-Light.ttf */,
				9BA4721D14DB42DDBEAE2F57 /* Nunito-LightItalic.ttf */,
				49728AF51BC9411E914AC680 /* Nunito-Medium.ttf */,
				DC657BB738E04E4B948611B3 /* Nunito-MediumItalic.ttf */,
				8C86D2E7431A449DA0086146 /* Nunito-Regular.ttf */,
				C5E4FC9887274631B42060C0 /* Nunito-SemiBold.ttf */,
				4E51E47889704BBB98A95B25 /* Nunito-SemiBoldItalic.ttf */,
				3EDAA757923A495788DD2D0D /* OFL.txt */,
				2235E4CACE3F4BF6B80B0A66 /* README.txt */,
			);
			name = Resources;
			path = "";
			sourceTree = "<group>";
		};
/* End PBXGroup section */

/* Begin PBXNativeTarget section */
		13B07F861A680F5B00A75B9A /* LogicLike */ = {
			isa = PBXNativeTarget;
			buildConfigurationList = 13B07F931A680F5B00A75B9A /* Build configuration list for PBXNativeTarget "LogicLike" */;
			buildPhases = (
				C38B50BA6285516D6DCD4F65 /* [CP] Check Pods Manifest.lock */,
				13B07F871A680F5B00A75B9A /* Sources */,
				13B07F8C1A680F5B00A75B9A /* Frameworks */,
				13B07F8E1A680F5B00A75B9A /* Resources */,
				00DD1BFF1BD5951E006B06BC /* Bundle React Native code and images */,
				00EEFC60759A1932668264C0 /* [CP] Embed Pods Frameworks */,
				E235C05ADACE081382539298 /* [CP] Copy Pods Resources */,
			);
			buildRules = (
			);
			dependencies = (
			);
			name = LogicLike;
			productName = LogicLike;
			productReference = 13B07F961A680F5B00A75B9A /* LogicLike.app */;
			productType = "com.apple.product-type.application";
		};
/* End PBXNativeTarget section */

/* Begin PBXProject section */
		83CBB9F71A601CBA00E9B192 /* Project object */ = {
			isa = PBXProject;
			attributes = {
				LastUpgradeCheck = 1210;
				TargetAttributes = {
					13B07F861A680F5B00A75B9A = {
						LastSwiftMigration = 1120;
					};
				};
			};
			buildConfigurationList = 83CBB9FA1A601CBA00E9B192 /* Build configuration list for PBXProject "LogicLike" */;
			compatibilityVersion = "Xcode 12.0";
			developmentRegion = en;
			hasScannedForEncodings = 0;
			knownRegions = (
				en,
				Base,
			);
			mainGroup = 83CBB9F61A601CBA00E9B192;
			productRefGroup = 83CBBA001A601CBA00E9B192 /* Products */;
			projectDirPath = "";
			projectRoot = "";
			targets = (
				13B07F861A680F5B00A75B9A /* LogicLike */,
			);
		};
/* End PBXProject section */

/* Begin PBXResourcesBuildPhase section */
		13B07F8E1A680F5B00A75B9A /* Resources */ = {
			isa = PBXResourcesBuildPhase;
			buildActionMask = 2147483647;
			files = (
				81AB9BB82411601600AC10FF /* LaunchScreen.storyboard in Resources */,
				13B07FBF1A68108700A75B9A /* Images.xcassets in Resources */,
				8B4A9AAB97CA6437CE649479 /* PrivacyInfo.xcprivacy in Resources */,
				3317AB9FBD6E4F3694744733 /* Nunito-Italic-VariableFont_wght.ttf in Resources */,
				1384D7C3831F4C7EBD717AA3 /* Nunito-VariableFont_wght.ttf in Resources */,
				CDF043F7ACAF40A7B0AAAF3C /* Nunito-Black.ttf in Resources */,
				1BDE6E45F8244014A63172EA /* Nunito-BlackItalic.ttf in Resources */,
				9423C6647C9548CAB6446730 /* Nunito-Bold.ttf in Resources */,
				5CF709C6DB274955A9591133 /* Nunito-BoldItalic.ttf in Resources */,
				2706195F02A94634B45BFC2A /* Nunito-ExtraBold.ttf in Resources */,
				05AFE766F0FB4DDB8F8D0927 /* Nunito-ExtraBoldItalic.ttf in Resources */,
				B33EE1E496FD4F2C9998722C /* Nunito-ExtraLight.ttf in Resources */,
				5EEAC01642774295A5A5E95A /* Nunito-ExtraLightItalic.ttf in Resources */,
				CA47321AF9AB4BF08A9E0A96 /* Nunito-Italic.ttf in Resources */,
				F2F12D1C2E3042C6B7FE6919 /* Nunito-Light.ttf in Resources */,
				1C5061BD973C491A96BA53D9 /* Nunito-LightItalic.ttf in Resources */,
				03214D6A22DE46CD87A447D4 /* Nunito-Medium.ttf in Resources */,
				2B83C50EC7BE499C9EDFB502 /* Nunito-MediumItalic.ttf in Resources */,
				585BA4D182EF47AC8F117CC7 /* Nunito-Regular.ttf in Resources */,
				3B76848E53C240DB8E8BD09B /* Nunito-SemiBold.ttf in Resources */,
				F4069DC59F6549729053D46B /* Nunito-SemiBoldItalic.ttf in Resources */,
				21904AFCEA5A47F09AD5DC22 /* OFL.txt in Resources */,
				DB6428D8AD4F4B79A154A546 /* README.txt in Resources */,
			);
			runOnlyForDeploymentPostprocessing = 0;
		};
/* End PBXResourcesBuildPhase section */

/* Begin PBXShellScriptBuildPhase section */
		00DD1BFF1BD5951E006B06BC /* Bundle React Native code and images */ = {
			isa = PBXShellScriptBuildPhase;
			buildActionMask = 2147483647;
			files = (
			);
			inputPaths = (
				"$(SRCROOT)/.xcode.env.local",
				"$(SRCROOT)/.xcode.env",
			);
			name = "Bundle React Native code and images";
			outputPaths = (
			);
			runOnlyForDeploymentPostprocessing = 0;
			shellPath = /bin/sh;
			shellScript = "set -e\n\nWITH_ENVIRONMENT=\"$REACT_NATIVE_PATH/scripts/xcode/with-environment.sh\"\nREACT_NATIVE_XCODE=\"$REACT_NATIVE_PATH/scripts/react-native-xcode.sh\"\n\n/bin/sh -c \"$WITH_ENVIRONMENT $REACT_NATIVE_XCODE\"\n";
		};
		00EEFC60759A1932668264C0 /* [CP] Embed Pods Frameworks */ = {
			isa = PBXShellScriptBuildPhase;
			buildActionMask = 2147483647;
			files = (
			);
			inputFileListPaths = (
				"${PODS_ROOT}/Target Support Files/Pods-LogicLike/Pods-LogicLike-frameworks-${CONFIGURATION}-input-files.xcfilelist",
			);
			name = "[CP] Embed Pods Frameworks";
			outputFileListPaths = (
				"${PODS_ROOT}/Target Support Files/Pods-LogicLike/Pods-LogicLike-frameworks-${CONFIGURATION}-output-files.xcfilelist",
			);
			runOnlyForDeploymentPostprocessing = 0;
			shellPath = /bin/sh;
			shellScript = "\"${PODS_ROOT}/Target Support Files/Pods-LogicLike/Pods-LogicLike-frameworks.sh\"\n";
			showEnvVarsInLog = 0;
		};
		C38B50BA6285516D6DCD4F65 /* [CP] Check Pods Manifest.lock */ = {
			isa = PBXShellScriptBuildPhase;
			buildActionMask = 2147483647;
			files = (
			);
			inputFileListPaths = (
			);
			inputPaths = (
				"${PODS_PODFILE_DIR_PATH}/Podfile.lock",
				"${PODS_ROOT}/Manifest.lock",
			);
			name = "[CP] Check Pods Manifest.lock";
			outputFileListPaths = (
			);
			outputPaths = (
				"$(DERIVED_FILE_DIR)/Pods-LogicLike-checkManifestLockResult.txt",
			);
			runOnlyForDeploymentPostprocessing = 0;
			shellPath = /bin/sh;
			shellScript = "diff \"${PODS_PODFILE_DIR_PATH}/Podfile.lock\" \"${PODS_ROOT}/Manifest.lock\" > /dev/null\nif [ $? != 0 ] ; then\n    # print error to STDERR\n    echo \"error: The sandbox is not in sync with the Podfile.lock. Run 'pod install' or update your CocoaPods installation.\" >&2\n    exit 1\nfi\n# This output is used by Xcode 'outputs' to avoid re-running this script phase.\necho \"SUCCESS\" > \"${SCRIPT_OUTPUT_FILE_0}\"\n";
			showEnvVarsInLog = 0;
		};
		E235C05ADACE081382539298 /* [CP] Copy Pods Resources */ = {
			isa = PBXShellScriptBuildPhase;
			buildActionMask = 2147483647;
			files = (
			);
			inputFileListPaths = (
				"${PODS_ROOT}/Target Support Files/Pods-LogicLike/Pods-LogicLike-resources-${CONFIGURATION}-input-files.xcfilelist",
			);
			name = "[CP] Copy Pods Resources";
			outputFileListPaths = (
				"${PODS_ROOT}/Target Support Files/Pods-LogicLike/Pods-LogicLike-resources-${CONFIGURATION}-output-files.xcfilelist",
			);
			runOnlyForDeploymentPostprocessing = 0;
			shellPath = /bin/sh;
			shellScript = "\"${PODS_ROOT}/Target Support Files/Pods-LogicLike/Pods-LogicLike-resources.sh\"\n";
			showEnvVarsInLog = 0;
		};
/* End PBXShellScriptBuildPhase section */

/* Begin PBXSourcesBuildPhase section */
		13B07F871A680F5B00A75B9A /* Sources */ = {
			isa = PBXSourcesBuildPhase;
			buildActionMask = 2147483647;
			files = (
				761780ED2CA45674006654EE /* AppDelegate.swift in Sources */,
			);
			runOnlyForDeploymentPostprocessing = 0;
		};
/* End PBXSourcesBuildPhase section */

/* Begin XCBuildConfiguration section */
		13B07F941A680F5B00A75B9A /* Debug */ = {
			isa = XCBuildConfiguration;
			baseConfigurationReference = 3B4392A12AC88292D35C810B /* Pods-LogicLike.debug.xcconfig */;
			buildSettings = {
				ASSETCATALOG_COMPILER_APPICON_NAME = AppIcon;
				CLANG_ENABLE_MODULES = YES;
				CURRENT_PROJECT_VERSION = 1;
				ENABLE_BITCODE = NO;
				INFOPLIST_FILE = LogicLike/Info.plist;
				IPHONEOS_DEPLOYMENT_TARGET = 15.1;
				LD_RUNPATH_SEARCH_PATHS = (
					"$(inherited)",
					"@executable_path/Frameworks",
				);
				MARKETING_VERSION = 1.0;
				OTHER_LDFLAGS = (
					"$(inherited)",
					"-ObjC",
					"-lc++",
				);
				PRODUCT_BUNDLE_IDENTIFIER = "org.reactjs.native.example.$(PRODUCT_NAME:rfc1034identifier)";
				PRODUCT_NAME = LogicLike;
				SWIFT_OPTIMIZATION_LEVEL = "-Onone";
				SWIFT_VERSION = 5.0;
				VERSIONING_SYSTEM = "apple-generic";
			};
			name = Debug;
		};
		13B07F951A680F5B00A75B9A /* Release */ = {
			isa = XCBuildConfiguration;
			baseConfigurationReference = 5709B34CF0A7D63546082F79 /* Pods-LogicLike.release.xcconfig */;
			buildSettings = {
				ASSETCATALOG_COMPILER_APPICON_NAME = AppIcon;
				CLANG_ENABLE_MODULES = YES;
				CURRENT_PROJECT_VERSION = 1;
				INFOPLIST_FILE = LogicLike/Info.plist;
				IPHONEOS_DEPLOYMENT_TARGET = 15.1;
				LD_RUNPATH_SEARCH_PATHS = (
					"$(inherited)",
					"@executable_path/Frameworks",
				);
				MARKETING_VERSION = 1.0;
				OTHER_LDFLAGS = (
					"$(inherited)",
					"-ObjC",
					"-lc++",
				);
				PRODUCT_BUNDLE_IDENTIFIER = "org.reactjs.native.example.$(PRODUCT_NAME:rfc1034identifier)";
				PRODUCT_NAME = LogicLike;
				SWIFT_VERSION = 5.0;
				VERSIONING_SYSTEM = "apple-generic";
			};
			name = Release;
		};
		83CBBA201A601CBA00E9B192 /* Debug */ = {
			isa = XCBuildConfiguration;
			buildSettings = {
				ALWAYS_SEARCH_USER_PATHS = NO;
				CLANG_ANALYZER_LOCALIZABILITY_NONLOCALIZED = YES;
				CLANG_CXX_LANGUAGE_STANDARD = "c++20";
				CLANG_CXX_LIBRARY = "libc++";
				CLANG_ENABLE_MODULES = YES;
				CLANG_ENABLE_OBJC_ARC = YES;
				CLANG_WARN_BLOCK_CAPTURE_AUTORELEASING = YES;
				CLANG_WARN_BOOL_CONVERSION = YES;
				CLANG_WARN_COMMA = YES;
				CLANG_WARN_CONSTANT_CONVERSION = YES;
				CLANG_WARN_DEPRECATED_OBJC_IMPLEMENTATIONS = YES;
				CLANG_WARN_DIRECT_OBJC_ISA_USAGE = YES_ERROR;
				CLANG_WARN_EMPTY_BODY = YES;
				CLANG_WARN_ENUM_CONVERSION = YES;
				CLANG_WARN_INFINITE_RECURSION = YES;
				CLANG_WARN_INT_CONVERSION = YES;
				CLANG_WARN_NON_LITERAL_NULL_CONVERSION = YES;
				CLANG_WARN_OBJC_IMPLICIT_RETAIN_SELF = YES;
				CLANG_WARN_OBJC_LITERAL_CONVERSION = YES;
				CLANG_WARN_OBJC_ROOT_CLASS = YES_ERROR;
				CLANG_WARN_QUOTED_INCLUDE_IN_FRAMEWORK_HEADER = YES;
				CLANG_WARN_RANGE_LOOP_ANALYSIS = YES;
				CLANG_WARN_STRICT_PROTOTYPES = YES;
				CLANG_WARN_SUSPICIOUS_MOVE = YES;
				CLANG_WARN_UNREACHABLE_CODE = YES;
				CLANG_WARN__DUPLICATE_METHOD_MATCH = YES;
				"CODE_SIGN_IDENTITY[sdk=iphoneos*]" = "iPhone Developer";
				COPY_PHASE_STRIP = NO;
				ENABLE_STRICT_OBJC_MSGSEND = YES;
				ENABLE_TESTABILITY = YES;
				"EXCLUDED_ARCHS[sdk=iphonesimulator*]" = "";
				GCC_C_LANGUAGE_STANDARD = gnu99;
				GCC_DYNAMIC_NO_PIC = NO;
				GCC_NO_COMMON_BLOCKS = YES;
				GCC_OPTIMIZATION_LEVEL = 0;
				GCC_PREPROCESSOR_DEFINITIONS = (
					"DEBUG=1",
					"$(inherited)",
				);
				GCC_SYMBOLS_PRIVATE_EXTERN = NO;
				GCC_WARN_64_TO_32_BIT_CONVERSION = YES;
				GCC_WARN_ABOUT_RETURN_TYPE = YES_ERROR;
				GCC_WARN_UNDECLARED_SELECTOR = YES;
				GCC_WARN_UNINITIALIZED_AUTOS = YES_AGGRESSIVE;
				GCC_WARN_UNUSED_FUNCTION = YES;
				GCC_WARN_UNUSED_VARIABLE = YES;
				IPHONEOS_DEPLOYMENT_TARGET = 15.1;
				LD_RUNPATH_SEARCH_PATHS = (
					/usr/lib/swift,
					"$(inherited)",
				);
				LIBRARY_SEARCH_PATHS = (
					"\"$(SDKROOT)/usr/lib/swift\"",
					"\"$(TOOLCHAIN_DIR)/usr/lib/swift/$(PLATFORM_NAME)\"",
					"\"$(inherited)\"",
				);
				MTL_ENABLE_DEBUG_INFO = YES;
				ONLY_ACTIVE_ARCH = YES;
				OTHER_CPLUSPLUSFLAGS = (
					"$(OTHER_CFLAGS)",
					"-DFOLLY_NO_CONFIG",
					"-DFOLLY_MOBILE=1",
					"-DFOLLY_USE_LIBCPP=1",
					"-DFOLLY_CFG_NO_COROUTINES=1",
					"-DFOLLY_HAVE_CLOCK_GETTIME=1",
				);
				OTHER_LDFLAGS = (
					"$(inherited)",
					" ",
				);
				REACT_NATIVE_PATH = "${PODS_ROOT}/../../node_modules/react-native";
				SDKROOT = iphoneos;
				SWIFT_ACTIVE_COMPILATION_CONDITIONS = "$(inherited) DEBUG";
				USE_HERMES = true;
			};
			name = Debug;
		};
		83CBBA211A601CBA00E9B192 /* Release */ = {
			isa = XCBuildConfiguration;
			buildSettings = {
				ALWAYS_SEARCH_USER_PATHS = NO;
				CLANG_ANALYZER_LOCALIZABILITY_NONLOCALIZED = YES;
				CLANG_CXX_LANGUAGE_STANDARD = "c++20";
				CLANG_CXX_LIBRARY = "libc++";
				CLANG_ENABLE_MODULES = YES;
				CLANG_ENABLE_OBJC_ARC = YES;
				CLANG_WARN_BLOCK_CAPTURE_AUTORELEASING = YES;
				CLANG_WARN_BOOL_CONVERSION = YES;
				CLANG_WARN_COMMA = YES;
				CLANG_WARN_CONSTANT_CONVERSION = YES;
				CLANG_WARN_DEPRECATED_OBJC_IMPLEMENTATIONS = YES;
				CLANG_WARN_DIRECT_OBJC_ISA_USAGE = YES_ERROR;
				CLANG_WARN_EMPTY_BODY = YES;
				CLANG_WARN_ENUM_CONVERSION = YES;
				CLANG_WARN_INFINITE_RECURSION = YES;
				CLANG_WARN_INT_CONVERSION = YES;
				CLANG_WARN_NON_LITERAL_NULL_CONVERSION = YES;
				CLANG_WARN_OBJC_IMPLICIT_RETAIN_SELF = YES;
				CLANG_WARN_OBJC_LITERAL_CONVERSION = YES;
				CLANG_WARN_OBJC_ROOT_CLASS = YES_ERROR;
				CLANG_WARN_QUOTED_INCLUDE_IN_FRAMEWORK_HEADER = YES;
				CLANG_WARN_RANGE_LOOP_ANALYSIS = YES;
				CLANG_WARN_STRICT_PROTOTYPES = YES;
				CLANG_WARN_SUSPICIOUS_MOVE = YES;
				CLANG_WARN_UNREACHABLE_CODE = YES;
				CLANG_WARN__DUPLICATE_METHOD_MATCH = YES;
				"CODE_SIGN_IDENTITY[sdk=iphoneos*]" = "iPhone Developer";
				COPY_PHASE_STRIP = YES;
				ENABLE_NS_ASSERTIONS = NO;
				ENABLE_STRICT_OBJC_MSGSEND = YES;
				"EXCLUDED_ARCHS[sdk=iphonesimulator*]" = "";
				GCC_C_LANGUAGE_STANDARD = gnu99;
				GCC_NO_COMMON_BLOCKS = YES;
				GCC_WARN_64_TO_32_BIT_CONVERSION = YES;
				GCC_WARN_ABOUT_RETURN_TYPE = YES_ERROR;
				GCC_WARN_UNDECLARED_SELECTOR = YES;
				GCC_WARN_UNINITIALIZED_AUTOS = YES_AGGRESSIVE;
				GCC_WARN_UNUSED_FUNCTION = YES;
				GCC_WARN_UNUSED_VARIABLE = YES;
				IPHONEOS_DEPLOYMENT_TARGET = 15.1;
				LD_RUNPATH_SEARCH_PATHS = (
					/usr/lib/swift,
					"$(inherited)",
				);
				LIBRARY_SEARCH_PATHS = (
					"\"$(SDKROOT)/usr/lib/swift\"",
					"\"$(TOOLCHAIN_DIR)/usr/lib/swift/$(PLATFORM_NAME)\"",
					"\"$(inherited)\"",
				);
				MTL_ENABLE_DEBUG_INFO = NO;
				OTHER_CPLUSPLUSFLAGS = (
					"$(OTHER_CFLAGS)",
					"-DFOLLY_NO_CONFIG",
					"-DFOLLY_MOBILE=1",
					"-DFOLLY_USE_LIBCPP=1",
					"-DFOLLY_CFG_NO_COROUTINES=1",
					"-DFOLLY_HAVE_CLOCK_GETTIME=1",
				);
				OTHER_LDFLAGS = (
					"$(inherited)",
					" ",
				);
				REACT_NATIVE_PATH = "${PODS_ROOT}/../../node_modules/react-native";
				SDKROOT = iphoneos;
				USE_HERMES = true;
				VALIDATE_PRODUCT = YES;
			};
			name = Release;
		};
/* End XCBuildConfiguration section */

/* Begin XCConfigurationList section */
		13B07F931A680F5B00A75B9A /* Build configuration list for PBXNativeTarget "LogicLike" */ = {
			isa = XCConfigurationList;
			buildConfigurations = (
				13B07F941A680F5B00A75B9A /* Debug */,
				13B07F951A680F5B00A75B9A /* Release */,
			);
			defaultConfigurationIsVisible = 0;
			defaultConfigurationName = Release;
		};
		83CBB9FA1A601CBA00E9B192 /* Build configuration list for PBXProject "LogicLike" */ = {
			isa = XCConfigurationList;
			buildConfigurations = (
				83CBBA201A601CBA00E9B192 /* Debug */,
				83CBBA211A601CBA00E9B192 /* Release */,
			);
			defaultConfigurationIsVisible = 0;
			defaultConfigurationName = Release;
		};
/* End XCConfigurationList section */
	};
	rootObject = 83CBB9F71A601CBA00E9B192 /* Project object */;
}
